
Microsoft Visual Studio Solution File, Format Version 12.00
# Visual Studio Version 16
VisualStudioVersion = 16.0.810.24
MinimumVisualStudioVersion = 10.0.40219.1
Project("{FAE04EC0-301F-11D3-BF4B-00C04F79EFBC}") = "Producer", "src\Producer\Producer.csproj", "{6B8AFBF5-0481-41FD-B21B-4E35857BF502}"
EndProject
Global
	GlobalSection(SolutionConfigurationPlatforms) = preSolution
		Debug|Any CPU = Debug|Any CPU
		Release|Any CPU = Release|Any CPU
	EndGlobalSection
	GlobalSection(ProjectConfigurationPlatforms) = postSolution
		{6B8AFBF5-0481-41FD-B21B-4E35857BF502}.Debug|Any CPU.ActiveCfg = Debug|Any CPU
		{6B8AFBF5-0481-41FD-B21B-4E35857BF502}.Debug|Any CPU.Build.0 = Debug|Any CPU
		{6B8AFBF5-0481-41FD-B21B-4E35857BF502}.Release|Any CPU.ActiveCfg = Release|Any CPU
		{6B8AFBF5-0481-41FD-B21B-4E35857BF502}.Release|Any CPU.Build.0 = Release|Any CPU
	EndGlobalSection
	GlobalSection(SolutionProperties) = preSolution
		HideSolutionNode = FALSE
	EndGlobalSection
	GlobalSection(ExtensibilityGlobals) = postSolution
		SolutionGuid = {7790F6BF-3308-4820-A5EA-878C4B2836B8}
	EndGlobalSection
EndGlobal
